
Microsoft Visual Studio Solution File, Format Version 12.00
# Visual Studio Version 17
VisualStudioVersion = 17.11.35222.181
MinimumVisualStudioVersion = 10.0.40219.1
Project("{2150E333-8FDC-42A3-9474-1A3956D46DE8}") = "Task0", "Task0", "{495C43DD-ADD3-47D5-88C2-F6E7F234AD58}"
EndProject
Project("{2150E333-8FDC-42A3-9474-1A3956D46DE8}") = "Task1", "Task1", "{F2DA7EAA-FBF8-4628-9218-AFA86E86D3AB}"
EndProject
Project("{2150E333-8FDC-42A3-9474-1A3956D46DE8}") = "Task2", "Task2", "{7CCF6BAC-2E91-408A-9FD4-F074DF7D57D5}"
EndProject
Project("{2150E333-8FDC-42A3-9474-1A3956D46DE8}") = "Task3", "Task3", "{16612C5F-957F-492D-BC1D-93DFDEA9E24B}"
EndProject
Project("{2150E333-8FDC-42A3-9474-1A3956D46DE8}") = "Task4", "Task4", "{2343D51E-6EC7-461D-A65F-32BD622F5194}"
EndProject
Project("{2150E333-8FDC-42A3-9474-1A3956D46DE8}") = "Task6", "Task6", "{B1CA6866-EED9-4C1B-AEDE-540CB1610341}"
EndProject
Project("{2150E333-8FDC-42A3-9474-1A3956D46DE8}") = "Task7", "Task7", "{7D859E8E-4B06-4882-8C2B-BE445F80E2E0}"
EndProject
Project("{FAE04EC0-301F-11D3-BF4B-00C04F79EFBC}") = "Tyuiu.AvdeevAS.Sprint3.Task0.V27", "Tyuiu.AvdeevAS.Sprint3.Task0.V27\Tyuiu.AvdeevAS.Sprint3.Task0.V27.csproj", "{0CA520D9-0DD0-45A0-9695-2AD7AE59F043}"
EndProject
Project("{FAE04EC0-301F-11D3-BF4B-00C04F79EFBC}") = "Tyuiu.AvdeevAS.Sprint3.Task0.V27.Lib", "Tyuiu.AvdeevAS.Sprint3.Task0.V27.Lib\Tyuiu.AvdeevAS.Sprint3.Task0.V27.Lib.csproj", "{2C4D0B11-5034-441B-9448-9C9A4A7EBCA6}"
EndProject
Project("{FAE04EC0-301F-11D3-BF4B-00C04F79EFBC}") = "Tyuiu.AvdeevAS.Sprint3.Task0.V27.Test", "Tyuiu.AvdeevAS.Sprint3.Task0.V27.Test\Tyuiu.AvdeevAS.Sprint3.Task0.V27.Test.csproj", "{42588105-EA2C-46B1-8485-8875E7536CB2}"
EndProject
Project("{FAE04EC0-301F-11D3-BF4B-00C04F79EFBC}") = "Tyuiu.AvdeevAS.Sprint3.Task1.V3", "Tyuiu.AvdeevAS.Sprint3.Task1.V3\Tyuiu.AvdeevAS.Sprint3.Task1.V3.csproj", "{BC78B2AE-17F9-4E31-ABA6-3E264101B9CC}"
EndProject
Project("{FAE04EC0-301F-11D3-BF4B-00C04F79EFBC}") = "Tyuiu.AvdeevAS.Sprint3.Task1.V3.Lib", "Tyuiu.AvdeevAS.Sprint3.Task1.V3.Lib\Tyuiu.AvdeevAS.Sprint3.Task1.V3.Lib.csproj", "{0307DCF3-2D5F-4E6B-809A-1AB01AB16C19}"
EndProject
Project("{FAE04EC0-301F-11D3-BF4B-00C04F79EFBC}") = "Tyuiu.AvdeevAS.Sprint3.Task1.V3.Test", "Tyuiu.AvdeevAS.Sprint3.Task1.V3.Test\Tyuiu.AvdeevAS.Sprint3.Task1.V3.Test.csproj", "{B8111166-77BA-4D7C-8FAA-4725C0734547}"
EndProject
Project("{FAE04EC0-301F-11D3-BF4B-00C04F79EFBC}") = "Tyuiu.AvdeevAS.Sprint3.Task2.V18", "Tyuiu.AvdeevAS.Sprint3.Task2.V18\Tyuiu.AvdeevAS.Sprint3.Task2.V18.csproj", "{EA3FEF67-A661-46D0-8E6C-64A4AF27E2E6}"
EndProject
Project("{FAE04EC0-301F-11D3-BF4B-00C04F79EFBC}") = "Tyuiu.AvdeevAS.Sprint3.Task2.V18.Lib", "Tyuiu.AvdeevAS.Sprint3.Task2.V18.Lib\Tyuiu.AvdeevAS.Sprint3.Task2.V18.Lib.csproj", "{FD94F48C-675F-4E4D-B7FC-FE7123F70AC0}"
EndProject
Project("{FAE04EC0-301F-11D3-BF4B-00C04F79EFBC}") = "Tyuiu.AvdeevAS.Sprint3.Task2.V18.Test", "Tyuiu.AvdeevAS.Sprint3.Task2.V18.Test\Tyuiu.AvdeevAS.Sprint3.Task2.V18.Test.csproj", "{47C9D438-9933-4038-BC61-FDA4652CCD10}"
EndProject
Project("{FAE04EC0-301F-11D3-BF4B-00C04F79EFBC}") = "Tyuiu.AvdeevAS.Sprint3.Task3.V1", "Tyuiu.AvdeevAS.Sprint3.Task3.V1\Tyuiu.AvdeevAS.Sprint3.Task3.V1.csproj", "{445A8DF6-A238-410B-B564-D344AB6D76C8}"
EndProject
Project("{FAE04EC0-301F-11D3-BF4B-00C04F79EFBC}") = "Tyuiu.AvdeevAS.Sprint3.Task3.V1.Lib", "Tyuiu.AvdeevAS.Sprint3.Task3.V1.Lib\Tyuiu.AvdeevAS.Sprint3.Task3.V1.Lib.csproj", "{30F8AD4B-EA96-40CC-AF03-96AB5564BB30}"
EndProject
Project("{FAE04EC0-301F-11D3-BF4B-00C04F79EFBC}") = "Tyuiu.AvdeevAS.Sprint3.Task3.V1.Test", "Tyuiu.AvdeevAS.Sprint3.Task3.V1.Test\Tyuiu.AvdeevAS.Sprint3.Task3.V1.Test.csproj", "{770D1592-94E8-4129-BB72-E36FC56B636C}"
EndProject
Project("{FAE04EC0-301F-11D3-BF4B-00C04F79EFBC}") = "Tyuiu.AvdeevAS.Sprint3.Task4.V17", "Tyuiu.AvdeevAS.Sprint3.Task4.V17\Tyuiu.AvdeevAS.Sprint3.Task4.V17.csproj", "{6387B896-D4F3-4BA7-9CA1-C586417F1E41}"
EndProject
Project("{FAE04EC0-301F-11D3-BF4B-00C04F79EFBC}") = "Tyuiu.AvdeevAS.Sprint3.Task4.V17.Lib", "Tyuiu.AvdeevAS.Sprint3.Task4.V17.Lib\Tyuiu.AvdeevAS.Sprint3.Task4.V17.Lib.csproj", "{3DC3DC3F-4989-4A14-8421-0349D7185D99}"
EndProject
Project("{FAE04EC0-301F-11D3-BF4B-00C04F79EFBC}") = "Tyuiu.AvdeevAS.Sprint3.Task4.V17.Test", "Tyuiu.AvdeevAS.Sprint3.Task4.V17.Test\Tyuiu.AvdeevAS.Sprint3.Task4.V17.Test.csproj", "{14BE3B26-68B2-4057-B282-18A397A8B87E}"
EndProject
Project("{FAE04EC0-301F-11D3-BF4B-00C04F79EFBC}") = "Tyuiu.AvdeevAS.Sprint3.Task4.V6.Lib", "Tyuiu.AvdeevAS.Sprint3.Task4.V6.Lib\Tyuiu.AvdeevAS.Sprint3.Task4.V6.Lib.csproj", "{41A24C15-E305-4CB6-AFC7-6333F860A3EB}"
EndProject
Project("{FAE04EC0-301F-11D3-BF4B-00C04F79EFBC}") = "Tyuiu.AvdeevAS.Sprint3.Task4.V6", "Tyuiu.AvdeevAS.Sprint3.Task4.V6\Tyuiu.AvdeevAS.Sprint3.Task4.V6.csproj", "{7309D70A-8871-46DA-BAB1-CFC20F750856}"
EndProject
Project("{FAE04EC0-301F-11D3-BF4B-00C04F79EFBC}") = "Tyuiu.AvdeevAS.Sprint3.Task4.V6.Test", "Tyuiu.AvdeevAS.Sprint3.Task4.V6.Test\Tyuiu.AvdeevAS.Sprint3.Task4.V6.Test.csproj", "{E576938C-EBA0-4A67-B4E4-4C42B592EB93}"
EndProject
Project("{2150E333-8FDC-42A3-9474-1A3956D46DE8}") = "Task5", "Task5", "{D5FE4683-931A-45B6-A567-2EDBD0DE36C0}"
EndProject
Project("{FAE04EC0-301F-11D3-BF4B-00C04F79EFBC}") = "Tyuiu.AvdeevAS.Sprint3.Task5.V17", "Tyuiu.AvdeevAS.Sprint3.Task5.V17\Tyuiu.AvdeevAS.Sprint3.Task5.V17.csproj", "{ADF17CA2-851F-461E-B201-4F8891ED6E93}"
EndProject
Project("{FAE04EC0-301F-11D3-BF4B-00C04F79EFBC}") = "Tyuiu.AvdeevAS.Sprint3.Task5.V17.Lib", "Tyuiu.AvdeevAS.Sprint3.Task5.V17.Lib\Tyuiu.AvdeevAS.Sprint3.Task5.V17.Lib.csproj", "{5B29A7DE-6E84-4D85-ACD7-826997E9911C}"
EndProject
Project("{FAE04EC0-301F-11D3-BF4B-00C04F79EFBC}") = "Tyuiu.AvdeevAS.Sprint3.Task5.V17.Test", "Tyuiu.AvdeevAS.Sprint3.Task5.V17.Test\Tyuiu.AvdeevAS.Sprint3.Task5.V17.Test.csproj", "{7C9A576F-9C9D-42D2-8710-50CD3A36052D}"
EndProject
Project("{FAE04EC0-301F-11D3-BF4B-00C04F79EFBC}") = "Tyuiu.AvdeevAS.Sprint3.Task6.V17", "Tyuiu.AvdeevAS.Sprint3.Task6.V17\Tyuiu.AvdeevAS.Sprint3.Task6.V17.csproj", "{E803F39D-82F6-4A81-8651-C179DB98F61D}"
EndProject
Project("{FAE04EC0-301F-11D3-BF4B-00C04F79EFBC}") = "Tyuiu.AvdeevAS.Sprint3.Task6.V17.Lib", "Tyuiu.AvdeevAS.Sprint3.Task6.V17.Lib\Tyuiu.AvdeevAS.Sprint3.Task6.V17.Lib.csproj", "{ABEE956F-E2D3-481F-AFD2-B0373EADC2B4}"
EndProject
Project("{FAE04EC0-301F-11D3-BF4B-00C04F79EFBC}") = "Tyuiu.AvdeevAS.Sprint3.Task6.V17.Test", "Tyuiu.AvdeevAS.Sprint3.Task6.V17.Test\Tyuiu.AvdeevAS.Sprint3.Task6.V17.Test.csproj", "{F48161AB-B9DA-4076-9AF6-9C4E64419B22}"
EndProject
Project("{FAE04EC0-301F-11D3-BF4B-00C04F79EFBC}") = "Tyuiu.AvdeevAS.Sprint3.Task7.V27", "Tyuiu.AvdeevAS.Sprint3.Task7.V27\Tyuiu.AvdeevAS.Sprint3.Task7.V27.csproj", "{0AF21216-1C8D-4374-B8C7-72CDE889C1EB}"
EndProject
Project("{FAE04EC0-301F-11D3-BF4B-00C04F79EFBC}") = "Tyuiu.AvdeevAS.Sprint3.Task7.V27.Lib", "Tyuiu.AvdeevAS.Sprint3.Task7.V27.Lib\Tyuiu.AvdeevAS.Sprint3.Task7.V27.Lib.csproj", "{2B2041CD-8A30-4F7A-A22D-70E65A42FCA8}"
EndProject
Project("{FAE04EC0-301F-11D3-BF4B-00C04F79EFBC}") = "Tyuiu.AvdeevAS.Sprint3.Task7.V27.Test", "Tyuiu.AvdeevAS.Sprint3.Task7.V27.Test\Tyuiu.AvdeevAS.Sprint3.Task7.V27.Test.csproj", "{53BE88F4-D4FF-44DD-A8DD-36D1797A4760}"
EndProject
Global
	GlobalSection(SolutionConfigurationPlatforms) = preSolution
		Debug|Any CPU = Debug|Any CPU
		Release|Any CPU = Release|Any CPU
	EndGlobalSection
	GlobalSection(ProjectConfigurationPlatforms) = postSolution
		{0CA520D9-0DD0-45A0-9695-2AD7AE59F043}.Debug|Any CPU.ActiveCfg = Debug|Any CPU
		{0CA520D9-0DD0-45A0-9695-2AD7AE59F043}.Debug|Any CPU.Build.0 = Debug|Any CPU
		{0CA520D9-0DD0-45A0-9695-2AD7AE59F043}.Release|Any CPU.ActiveCfg = Release|Any CPU
		{0CA520D9-0DD0-45A0-9695-2AD7AE59F043}.Release|Any CPU.Build.0 = Release|Any CPU
		{2C4D0B11-5034-441B-9448-9C9A4A7EBCA6}.Debug|Any CPU.ActiveCfg = Debug|Any CPU
		{2C4D0B11-5034-441B-9448-9C9A4A7EBCA6}.Debug|Any CPU.Build.0 = Debug|Any CPU
		{2C4D0B11-5034-441B-9448-9C9A4A7EBCA6}.Release|Any CPU.ActiveCfg = Release|Any CPU
		{2C4D0B11-5034-441B-9448-9C9A4A7EBCA6}.Release|Any CPU.Build.0 = Release|Any CPU
		{42588105-EA2C-46B1-8485-8875E7536CB2}.Debug|Any CPU.ActiveCfg = Debug|Any CPU
		{42588105-EA2C-46B1-8485-8875E7536CB2}.Debug|Any CPU.Build.0 = Debug|Any CPU
		{42588105-EA2C-46B1-8485-8875E7536CB2}.Release|Any CPU.ActiveCfg = Release|Any CPU
		{42588105-EA2C-46B1-8485-8875E7536CB2}.Release|Any CPU.Build.0 = Release|Any CPU
		{BC78B2AE-17F9-4E31-ABA6-3E264101B9CC}.Debug|Any CPU.ActiveCfg = Debug|Any CPU
		{BC78B2AE-17F9-4E31-ABA6-3E264101B9CC}.Debug|Any CPU.Build.0 = Debug|Any CPU
		{BC78B2AE-17F9-4E31-ABA6-3E264101B9CC}.Release|Any CPU.ActiveCfg = Release|Any CPU
		{BC78B2AE-17F9-4E31-ABA6-3E264101B9CC}.Release|Any CPU.Build.0 = Release|Any CPU
		{0307DCF3-2D5F-4E6B-809A-1AB01AB16C19}.Debug|Any CPU.ActiveCfg = Debug|Any CPU
		{0307DCF3-2D5F-4E6B-809A-1AB01AB16C19}.Debug|Any CPU.Build.0 = Debug|Any CPU
		{0307DCF3-2D5F-4E6B-809A-1AB01AB16C19}.Release|Any CPU.ActiveCfg = Release|Any CPU
		{0307DCF3-2D5F-4E6B-809A-1AB01AB16C19}.Release|Any CPU.Build.0 = Release|Any CPU
		{B8111166-77BA-4D7C-8FAA-4725C0734547}.Debug|Any CPU.ActiveCfg = Debug|Any CPU
		{B8111166-77BA-4D7C-8FAA-4725C0734547}.Debug|Any CPU.Build.0 = Debug|Any CPU
		{B8111166-77BA-4D7C-8FAA-4725C0734547}.Release|Any CPU.ActiveCfg = Release|Any CPU
		{B8111166-77BA-4D7C-8FAA-4725C0734547}.Release|Any CPU.Build.0 = Release|Any CPU
		{EA3FEF67-A661-46D0-8E6C-64A4AF27E2E6}.Debug|Any CPU.ActiveCfg = Debug|Any CPU
		{EA3FEF67-A661-46D0-8E6C-64A4AF27E2E6}.Debug|Any CPU.Build.0 = Debug|Any CPU
		{EA3FEF67-A661-46D0-8E6C-64A4AF27E2E6}.Release|Any CPU.ActiveCfg = Release|Any CPU
		{EA3FEF67-A661-46D0-8E6C-64A4AF27E2E6}.Release|Any CPU.Build.0 = Release|Any CPU
		{FD94F48C-675F-4E4D-B7FC-FE7123F70AC0}.Debug|Any CPU.ActiveCfg = Debug|Any CPU
		{FD94F48C-675F-4E4D-B7FC-FE7123F70AC0}.Debug|Any CPU.Build.0 = Debug|Any CPU
		{FD94F48C-675F-4E4D-B7FC-FE7123F70AC0}.Release|Any CPU.ActiveCfg = Release|Any CPU
		{FD94F48C-675F-4E4D-B7FC-FE7123F70AC0}.Release|Any CPU.Build.0 = Release|Any CPU
		{47C9D438-9933-4038-BC61-FDA4652CCD10}.Debug|Any CPU.ActiveCfg = Debug|Any CPU
		{47C9D438-9933-4038-BC61-FDA4652CCD10}.Debug|Any CPU.Build.0 = Debug|Any CPU
		{47C9D438-9933-4038-BC61-FDA4652CCD10}.Release|Any CPU.ActiveCfg = Release|Any CPU
		{47C9D438-9933-4038-BC61-FDA4652CCD10}.Release|Any CPU.Build.0 = Release|Any CPU
		{445A8DF6-A238-410B-B564-D344AB6D76C8}.Debug|Any CPU.ActiveCfg = Debug|Any CPU
		{445A8DF6-A238-410B-B564-D344AB6D76C8}.Debug|Any CPU.Build.0 = Debug|Any CPU
		{445A8DF6-A238-410B-B564-D344AB6D76C8}.Release|Any CPU.ActiveCfg = Release|Any CPU
		{445A8DF6-A238-410B-B564-D344AB6D76C8}.Release|Any CPU.Build.0 = Release|Any CPU
		{30F8AD4B-EA96-40CC-AF03-96AB5564BB30}.Debug|Any CPU.ActiveCfg = Debug|Any CPU
		{30F8AD4B-EA96-40CC-AF03-96AB5564BB30}.Debug|Any CPU.Build.0 = Debug|Any CPU
		{30F8AD4B-EA96-40CC-AF03-96AB5564BB30}.Release|Any CPU.ActiveCfg = Release|Any CPU
		{30F8AD4B-EA96-40CC-AF03-96AB5564BB30}.Release|Any CPU.Build.0 = Release|Any CPU
		{770D1592-94E8-4129-BB72-E36FC56B636C}.Debug|Any CPU.ActiveCfg = Debug|Any CPU
		{770D1592-94E8-4129-BB72-E36FC56B636C}.Debug|Any CPU.Build.0 = Debug|Any CPU
		{770D1592-94E8-4129-BB72-E36FC56B636C}.Release|Any CPU.ActiveCfg = Release|Any CPU
		{770D1592-94E8-4129-BB72-E36FC56B636C}.Release|Any CPU.Build.0 = Release|Any CPU
		{6387B896-D4F3-4BA7-9CA1-C586417F1E41}.Debug|Any CPU.ActiveCfg = Debug|Any CPU
		{6387B896-D4F3-4BA7-9CA1-C586417F1E41}.Debug|Any CPU.Build.0 = Debug|Any CPU
		{6387B896-D4F3-4BA7-9CA1-C586417F1E41}.Release|Any CPU.ActiveCfg = Release|Any CPU
		{6387B896-D4F3-4BA7-9CA1-C586417F1E41}.Release|Any CPU.Build.0 = Release|Any CPU
		{3DC3DC3F-4989-4A14-8421-0349D7185D99}.Debug|Any CPU.ActiveCfg = Debug|Any CPU
		{3DC3DC3F-4989-4A14-8421-0349D7185D99}.Debug|Any CPU.Build.0 = Debug|Any CPU
		{3DC3DC3F-4989-4A14-8421-0349D7185D99}.Release|Any CPU.ActiveCfg = Release|Any CPU
		{3DC3DC3F-4989-4A14-8421-0349D7185D99}.Release|Any CPU.Build.0 = Release|Any CPU
		{14BE3B26-68B2-4057-B282-18A397A8B87E}.Debug|Any CPU.ActiveCfg = Debug|Any CPU
		{14BE3B26-68B2-4057-B282-18A397A8B87E}.Debug|Any CPU.Build.0 = Debug|Any CPU
		{14BE3B26-68B2-4057-B282-18A397A8B87E}.Release|Any CPU.ActiveCfg = Release|Any CPU
		{14BE3B26-68B2-4057-B282-18A397A8B87E}.Release|Any CPU.Build.0 = Release|Any CPU
		{41A24C15-E305-4CB6-AFC7-6333F860A3EB}.Debug|Any CPU.ActiveCfg = Debug|Any CPU
		{41A24C15-E305-4CB6-AFC7-6333F860A3EB}.Debug|Any CPU.Build.0 = Debug|Any CPU
		{41A24C15-E305-4CB6-AFC7-6333F860A3EB}.Release|Any CPU.ActiveCfg = Release|Any CPU
		{41A24C15-E305-4CB6-AFC7-6333F860A3EB}.Release|Any CPU.Build.0 = Release|Any CPU
		{7309D70A-8871-46DA-BAB1-CFC20F750856}.Debug|Any CPU.ActiveCfg = Debug|Any CPU
		{7309D70A-8871-46DA-BAB1-CFC20F750856}.Debug|Any CPU.Build.0 = Debug|Any CPU
		{7309D70A-8871-46DA-BAB1-CFC20F750856}.Release|Any CPU.ActiveCfg = Release|Any CPU
		{7309D70A-8871-46DA-BAB1-CFC20F750856}.Release|Any CPU.Build.0 = Release|Any CPU
		{E576938C-EBA0-4A67-B4E4-4C42B592EB93}.Debug|Any CPU.ActiveCfg = Debug|Any CPU
		{E576938C-EBA0-4A67-B4E4-4C42B592EB93}.Debug|Any CPU.Build.0 = Debug|Any CPU
		{E576938C-EBA0-4A67-B4E4-4C42B592EB93}.Release|Any CPU.ActiveCfg = Release|Any CPU
		{E576938C-EBA0-4A67-B4E4-4C42B592EB93}.Release|Any CPU.Build.0 = Release|Any CPU
		{ADF17CA2-851F-461E-B201-4F8891ED6E93}.Debug|Any CPU.ActiveCfg = Debug|Any CPU
		{ADF17CA2-851F-461E-B201-4F8891ED6E93}.Debug|Any CPU.Build.0 = Debug|Any CPU
		{ADF17CA2-851F-461E-B201-4F8891ED6E93}.Release|Any CPU.ActiveCfg = Release|Any CPU
		{ADF17CA2-851F-461E-B201-4F8891ED6E93}.Release|Any CPU.Build.0 = Release|Any CPU
		{5B29A7DE-6E84-4D85-ACD7-826997E9911C}.Debug|Any CPU.ActiveCfg = Debug|Any CPU
		{5B29A7DE-6E84-4D85-ACD7-826997E9911C}.Debug|Any CPU.Build.0 = Debug|Any CPU
		{5B29A7DE-6E84-4D85-ACD7-826997E9911C}.Release|Any CPU.ActiveCfg = Release|Any CPU
		{5B29A7DE-6E84-4D85-ACD7-826997E9911C}.Release|Any CPU.Build.0 = Release|Any CPU
		{7C9A576F-9C9D-42D2-8710-50CD3A36052D}.Debug|Any CPU.ActiveCfg = Debug|Any CPU
		{7C9A576F-9C9D-42D2-8710-50CD3A36052D}.Debug|Any CPU.Build.0 = Debug|Any CPU
		{7C9A576F-9C9D-42D2-8710-50CD3A36052D}.Release|Any CPU.ActiveCfg = Release|Any CPU
		{7C9A576F-9C9D-42D2-8710-50CD3A36052D}.Release|Any CPU.Build.0 = Release|Any CPU
		{E803F39D-82F6-4A81-8651-C179DB98F61D}.Debug|Any CPU.ActiveCfg = Debug|Any CPU
		{E803F39D-82F6-4A81-8651-C179DB98F61D}.Debug|Any CPU.Build.0 = Debug|Any CPU
		{E803F39D-82F6-4A81-8651-C179DB98F61D}.Release|Any CPU.ActiveCfg = Release|Any CPU
		{E803F39D-82F6-4A81-8651-C179DB98F61D}.Release|Any CPU.Build.0 = Release|Any CPU
		{ABEE956F-E2D3-481F-AFD2-B0373EADC2B4}.Debug|Any CPU.ActiveCfg = Debug|Any CPU
		{ABEE956F-E2D3-481F-AFD2-B0373EADC2B4}.Debug|Any CPU.Build.0 = Debug|Any CPU
		{ABEE956F-E2D3-481F-AFD2-B0373EADC2B4}.Release|Any CPU.ActiveCfg = Release|Any CPU
		{ABEE956F-E2D3-481F-AFD2-B0373EADC2B4}.Release|Any CPU.Build.0 = Release|Any CPU
		{F48161AB-B9DA-4076-9AF6-9C4E64419B22}.Debug|Any CPU.ActiveCfg = Debug|Any CPU
		{F48161AB-B9DA-4076-9AF6-9C4E64419B22}.Debug|Any CPU.Build.0 = Debug|Any CPU
		{F48161AB-B9DA-4076-9AF6-9C4E64419B22}.Release|Any CPU.ActiveCfg = Release|Any CPU
		{F48161AB-B9DA-4076-9AF6-9C4E64419B22}.Release|Any CPU.Build.0 = Release|Any CPU
		{0AF21216-1C8D-4374-B8C7-72CDE889C1EB}.Debug|Any CPU.ActiveCfg = Debug|Any CPU
		{0AF21216-1C8D-4374-B8C7-72CDE889C1EB}.Debug|Any CPU.Build.0 = Debug|Any CPU
		{0AF21216-1C8D-4374-B8C7-72CDE889C1EB}.Release|Any CPU.ActiveCfg = Release|Any CPU
		{0AF21216-1C8D-4374-B8C7-72CDE889C1EB}.Release|Any CPU.Build.0 = Release|Any CPU
		{2B2041CD-8A30-4F7A-A22D-70E65A42FCA8}.Debug|Any CPU.ActiveCfg = Debug|Any CPU
		{2B2041CD-8A30-4F7A-A22D-70E65A42FCA8}.Debug|Any CPU.Build.0 = Debug|Any CPU
		{2B2041CD-8A30-4F7A-A22D-70E65A42FCA8}.Release|Any CPU.ActiveCfg = Release|Any CPU
		{2B2041CD-8A30-4F7A-A22D-70E65A42FCA8}.Release|Any CPU.Build.0 = Release|Any CPU
		{53BE88F4-D4FF-44DD-A8DD-36D1797A4760}.Debug|Any CPU.ActiveCfg = Debug|Any CPU
		{53BE88F4-D4FF-44DD-A8DD-36D1797A4760}.Debug|Any CPU.Build.0 = Debug|Any CPU
		{53BE88F4-D4FF-44DD-A8DD-36D1797A4760}.Release|Any CPU.ActiveCfg = Release|Any CPU
		{53BE88F4-D4FF-44DD-A8DD-36D1797A4760}.Release|Any CPU.Build.0 = Release|Any CPU
	EndGlobalSection
	GlobalSection(SolutionProperties) = preSolution
		HideSolutionNode = FALSE
	EndGlobalSection
	GlobalSection(NestedProjects) = preSolution
		{0CA520D9-0DD0-45A0-9695-2AD7AE59F043} = {495C43DD-ADD3-47D5-88C2-F6E7F234AD58}
		{2C4D0B11-5034-441B-9448-9C9A4A7EBCA6} = {495C43DD-ADD3-47D5-88C2-F6E7F234AD58}
		{42588105-EA2C-46B1-8485-8875E7536CB2} = {495C43DD-ADD3-47D5-88C2-F6E7F234AD58}
		{BC78B2AE-17F9-4E31-ABA6-3E264101B9CC} = {F2DA7EAA-FBF8-4628-9218-AFA86E86D3AB}
		{0307DCF3-2D5F-4E6B-809A-1AB01AB16C19} = {F2DA7EAA-FBF8-4628-9218-AFA86E86D3AB}
		{B8111166-77BA-4D7C-8FAA-4725C0734547} = {F2DA7EAA-FBF8-4628-9218-AFA86E86D3AB}
		{EA3FEF67-A661-46D0-8E6C-64A4AF27E2E6} = {7CCF6BAC-2E91-408A-9FD4-F074DF7D57D5}
		{FD94F48C-675F-4E4D-B7FC-FE7123F70AC0} = {7CCF6BAC-2E91-408A-9FD4-F074DF7D57D5}
		{47C9D438-9933-4038-BC61-FDA4652CCD10} = {7CCF6BAC-2E91-408A-9FD4-F074DF7D57D5}
		{445A8DF6-A238-410B-B564-D344AB6D76C8} = {16612C5F-957F-492D-BC1D-93DFDEA9E24B}
		{30F8AD4B-EA96-40CC-AF03-96AB5564BB30} = {16612C5F-957F-492D-BC1D-93DFDEA9E24B}
		{770D1592-94E8-4129-BB72-E36FC56B636C} = {16612C5F-957F-492D-BC1D-93DFDEA9E24B}
		{6387B896-D4F3-4BA7-9CA1-C586417F1E41} = {2343D51E-6EC7-461D-A65F-32BD622F5194}
		{3DC3DC3F-4989-4A14-8421-0349D7185D99} = {2343D51E-6EC7-461D-A65F-32BD622F5194}
		{14BE3B26-68B2-4057-B282-18A397A8B87E} = {2343D51E-6EC7-461D-A65F-32BD622F5194}
		{41A24C15-E305-4CB6-AFC7-6333F860A3EB} = {2343D51E-6EC7-461D-A65F-32BD622F5194}
		{7309D70A-8871-46DA-BAB1-CFC20F750856} = {2343D51E-6EC7-461D-A65F-32BD622F5194}
		{E576938C-EBA0-4A67-B4E4-4C42B592EB93} = {2343D51E-6EC7-461D-A65F-32BD622F5194}
		{ADF17CA2-851F-461E-B201-4F8891ED6E93} = {D5FE4683-931A-45B6-A567-2EDBD0DE36C0}
		{5B29A7DE-6E84-4D85-ACD7-826997E9911C} = {D5FE4683-931A-45B6-A567-2EDBD0DE36C0}
		{7C9A576F-9C9D-42D2-8710-50CD3A36052D} = {D5FE4683-931A-45B6-A567-2EDBD0DE36C0}
		{E803F39D-82F6-4A81-8651-C179DB98F61D} = {B1CA6866-EED9-4C1B-AEDE-540CB1610341}
		{ABEE956F-E2D3-481F-AFD2-B0373EADC2B4} = {B1CA6866-EED9-4C1B-AEDE-540CB1610341}
		{F48161AB-B9DA-4076-9AF6-9C4E64419B22} = {B1CA6866-EED9-4C1B-AEDE-540CB1610341}
		{0AF21216-1C8D-4374-B8C7-72CDE889C1EB} = {7D859E8E-4B06-4882-8C2B-BE445F80E2E0}
		{2B2041CD-8A30-4F7A-A22D-70E65A42FCA8} = {7D859E8E-4B06-4882-8C2B-BE445F80E2E0}
		{53BE88F4-D4FF-44DD-A8DD-36D1797A4760} = {7D859E8E-4B06-4882-8C2B-BE445F80E2E0}
	EndGlobalSection
	GlobalSection(ExtensibilityGlobals) = postSolution
		SolutionGuid = {B1FDAC34-B37C-408A-BEC2-62CD544352FD}
	EndGlobalSection
EndGlobal
